// !$*UTF8*$!
{
	archiveVersion = 1;
	classes = {
	};
	objectVersion = 55;
	objects = {

/* Begin PBXBuildFile section */
		8B1B23F4272FA318002CC0AB /* MatterView.swift in Sources */ = {isa = PBXBuildFile; fileRef = 8B1B23F3272FA318002CC0AB /* MatterView.swift */; };
		8B1B23F72733B6B5002CC0AB /* AdvView.swift in Sources */ = {isa = PBXBuildFile; fileRef = 8B1B23F62733B6B5002CC0AB /* AdvView.swift */; };
		8B1B23FC2734BB3A002CC0AB /* ElConfigSearchView.swift in Sources */ = {isa = PBXBuildFile; fileRef = 8B1B23FB2734BB3A002CC0AB /* ElConfigSearchView.swift */; };
		8BF5C560272B6CB0006CC018 /* Chem_ResolveApp.swift in Sources */ = {isa = PBXBuildFile; fileRef = 8BF5C55F272B6CB0006CC018 /* Chem_ResolveApp.swift */; };
		8BF5C562272B6CB0006CC018 /* ContentView.swift in Sources */ = {isa = PBXBuildFile; fileRef = 8BF5C561272B6CB0006CC018 /* ContentView.swift */; };
		8BF5C564272B6CB1006CC018 /* Assets.xcassets in Resources */ = {isa = PBXBuildFile; fileRef = 8BF5C563272B6CB1006CC018 /* Assets.xcassets */; };
		8BF5C567272B6CB1006CC018 /* Preview Assets.xcassets in Resources */ = {isa = PBXBuildFile; fileRef = 8BF5C566272B6CB1006CC018 /* Preview Assets.xcassets */; };
		8BF5C56E272B6D18006CC018 /* TesterView.swift in Sources */ = {isa = PBXBuildFile; fileRef = 8BF5C56D272B6D18006CC018 /* TesterView.swift */; };
		8BF5C570272B8119006CC018 /* NoteView.swift in Sources */ = {isa = PBXBuildFile; fileRef = 8BF5C56F272B8119006CC018 /* NoteView.swift */; };
		8BF5C572272B8250006CC018 /* HomeView.swift in Sources */ = {isa = PBXBuildFile; fileRef = 8BF5C571272B8250006CC018 /* HomeView.swift */; };
		8BF5C574272C930D006CC018 /* ExtraView.swift in Sources */ = {isa = PBXBuildFile; fileRef = 8BF5C573272C930C006CC018 /* ExtraView.swift */; };
/* End PBXBuildFile section */

/* Begin PBXFileReference section */
		8B1B23F3272FA318002CC0AB /* MatterView.swift */ = {isa = PBXFileReference; lastKnownFileType = sourcecode.swift; path = MatterView.swift; sourceTree = "<group>"; };
		8B1B23F62733B6B5002CC0AB /* AdvView.swift */ = {isa = PBXFileReference; lastKnownFileType = sourcecode.swift; path = AdvView.swift; sourceTree = "<group>"; };
		8B1B23FB2734BB3A002CC0AB /* ElConfigSearchView.swift */ = {isa = PBXFileReference; lastKnownFileType = sourcecode.swift; path = ElConfigSearchView.swift; sourceTree = "<group>"; };
		8BF5C55C272B6CB0006CC018 /* Chem Resolve.app */ = {isa = PBXFileReference; explicitFileType = wrapper.application; includeInIndex = 0; path = "Chem Resolve.app"; sourceTree = BUILT_PRODUCTS_DIR; };
		8BF5C55F272B6CB0006CC018 /* Chem_ResolveApp.swift */ = {isa = PBXFileReference; lastKnownFileType = sourcecode.swift; path = Chem_ResolveApp.swift; sourceTree = "<group>"; };
		8BF5C561272B6CB0006CC018 /* ContentView.swift */ = {isa = PBXFileReference; lastKnownFileType = sourcecode.swift; path = ContentView.swift; sourceTree = "<group>"; };
		8BF5C563272B6CB1006CC018 /* Assets.xcassets */ = {isa = PBXFileReference; lastKnownFileType = folder.assetcatalog; path = Assets.xcassets; sourceTree = "<group>"; };
		8BF5C566272B6CB1006CC018 /* Preview Assets.xcassets */ = {isa = PBXFileReference; lastKnownFileType = folder.assetcatalog; path = "Preview Assets.xcassets"; sourceTree = "<group>"; };
		8BF5C56D272B6D18006CC018 /* TesterView.swift */ = {isa = PBXFileReference; lastKnownFileType = sourcecode.swift; path = TesterView.swift; sourceTree = "<group>"; };
		8BF5C56F272B8119006CC018 /* NoteView.swift */ = {isa = PBXFileReference; lastKnownFileType = sourcecode.swift; path = NoteView.swift; sourceTree = "<group>"; };
		8BF5C571272B8250006CC018 /* HomeView.swift */ = {isa = PBXFileReference; lastKnownFileType = sourcecode.swift; path = HomeView.swift; sourceTree = "<group>"; };
		8BF5C573272C930C006CC018 /* ExtraView.swift */ = {isa = PBXFileReference; lastKnownFileType = sourcecode.swift; path = ExtraView.swift; sourceTree = "<group>"; };
/* End PBXFileReference section */

/* Begin PBXFrameworksBuildPhase section */
		8BF5C559272B6CB0006CC018 /* Frameworks */ = {
			isa = PBXFrameworksBuildPhase;
			buildActionMask = 2147483647;
			files = (
			);
			runOnlyForDeploymentPostprocessing = 0;
		};
/* End PBXFrameworksBuildPhase section */

/* Begin PBXGroup section */
		8B1B23F2272FA2F0002CC0AB /* Note View Files */ = {
			isa = PBXGroup;
			children = (
				8B1B23F3272FA318002CC0AB /* MatterView.swift */,
			);
			path = "Note View Files";
			sourceTree = "<group>";
		};
		8B1B23F82734BAF9002CC0AB /* Extra View Files */ = {
			isa = PBXGroup;
			children = (
				8B1B23FB2734BB3A002CC0AB /* ElConfigSearchView.swift */,
			);
			path = "Extra View Files";
			sourceTree = "<group>";
		};
		8BF5C553272B6CB0006CC018 = {
			isa = PBXGroup;
			children = (
				8BF5C55E272B6CB0006CC018 /* Chem Resolve */,
				8BF5C55D272B6CB0006CC018 /* Products */,
			);
			sourceTree = "<group>";
		};
		8BF5C55D272B6CB0006CC018 /* Products */ = {
			isa = PBXGroup;
			children = (
				8BF5C55C272B6CB0006CC018 /* Chem Resolve.app */,
			);
			name = Products;
			sourceTree = "<group>";
		};
		8BF5C55E272B6CB0006CC018 /* Chem Resolve */ = {
			isa = PBXGroup;
			children = (
				8BF5C55F272B6CB0006CC018 /* Chem_ResolveApp.swift */,
				8BF5C561272B6CB0006CC018 /* ContentView.swift */,
				8B1B23F62733B6B5002CC0AB /* AdvView.swift */,
				8BF5C571272B8250006CC018 /* HomeView.swift */,
				8BF5C56F272B8119006CC018 /* NoteView.swift */,
				8B1B23F2272FA2F0002CC0AB /* Note View Files */,
				8BF5C573272C930C006CC018 /* ExtraView.swift */,
				8B1B23F82734BAF9002CC0AB /* Extra View Files */,
				8BF5C56D272B6D18006CC018 /* TesterView.swift */,
				8BF5C563272B6CB1006CC018 /* Assets.xcassets */,
				8BF5C565272B6CB1006CC018 /* Preview Content */,
			);
			path = "Chem Resolve";
			sourceTree = "<group>";
		};
		8BF5C565272B6CB1006CC018 /* Preview Content */ = {
			isa = PBXGroup;
			children = (
				8BF5C566272B6CB1006CC018 /* Preview Assets.xcassets */,
			);
			path = "Preview Content";
			sourceTree = "<group>";
		};
/* End PBXGroup section */

/* Begin PBXNativeTarget section */
		8BF5C55B272B6CB0006CC018 /* Chem Resolve */ = {
			isa = PBXNativeTarget;
			buildConfigurationList = 8BF5C56A272B6CB1006CC018 /* Build configuration list for PBXNativeTarget "Chem Resolve" */;
			buildPhases = (
				8BF5C558272B6CB0006CC018 /* Sources */,
				8BF5C559272B6CB0006CC018 /* Frameworks */,
				8BF5C55A272B6CB0006CC018 /* Resources */,
			);
			buildRules = (
			);
			dependencies = (
			);
			name = "Chem Resolve";
			productName = "Chem Resolve";
			productReference = 8BF5C55C272B6CB0006CC018 /* Chem Resolve.app */;
			productType = "com.apple.product-type.application";
		};
/* End PBXNativeTarget section */

/* Begin PBXProject section */
		8BF5C554272B6CB0006CC018 /* Project object */ = {
			isa = PBXProject;
			attributes = {
				BuildIndependentTargetsInParallel = 1;
				LastSwiftUpdateCheck = 1310;
				LastUpgradeCheck = 1310;
				TargetAttributes = {
					8BF5C55B272B6CB0006CC018 = {
						CreatedOnToolsVersion = 13.1;
					};
				};
			};
			buildConfigurationList = 8BF5C557272B6CB0006CC018 /* Build configuration list for PBXProject "Chem Resolve" */;
			compatibilityVersion = "Xcode 13.0";
			developmentRegion = en;
			hasScannedForEncodings = 0;
			knownRegions = (
				en,
				Base,
			);
			mainGroup = 8BF5C553272B6CB0006CC018;
			productRefGroup = 8BF5C55D272B6CB0006CC018 /* Products */;
			projectDirPath = "";
			projectRoot = "";
			targets = (
				8BF5C55B272B6CB0006CC018 /* Chem Resolve */,
			);
		};
/* End PBXProject section */

/* Begin PBXResourcesBuildPhase section */
		8BF5C55A272B6CB0006CC018 /* Resources */ = {
			isa = PBXResourcesBuildPhase;
			buildActionMask = 2147483647;
			files = (
				8BF5C567272B6CB1006CC018 /* Preview Assets.xcassets in Resources */,
				8BF5C564272B6CB1006CC018 /* Assets.xcassets in Resources */,
			);
			runOnlyForDeploymentPostprocessing = 0;
		};
/* End PBXResourcesBuildPhase section */

/* Begin PBXSourcesBuildPhase section */
		8BF5C558272B6CB0006CC018 /* Sources */ = {
			isa = PBXSourcesBuildPhase;
			buildActionMask = 2147483647;
			files = (
				8BF5C56E272B6D18006CC018 /* TesterView.swift in Sources */,
				8B1B23F4272FA318002CC0AB /* MatterView.swift in Sources */,
				8BF5C574272C930D006CC018 /* ExtraView.swift in Sources */,
				8BF5C562272B6CB0006CC018 /* ContentView.swift in Sources */,
				8B1B23FC2734BB3A002CC0AB /* ElConfigSearchView.swift in Sources */,
				8BF5C570272B8119006CC018 /* NoteView.swift in Sources */,
				8BF5C572272B8250006CC018 /* HomeView.swift in Sources */,
				8B1B23F72733B6B5002CC0AB /* AdvView.swift in Sources */,
				8BF5C560272B6CB0006CC018 /* Chem_ResolveApp.swift in Sources */,
			);
			runOnlyForDeploymentPostprocessing = 0;
		};
/* End PBXSourcesBuildPhase section */

/* Begin XCBuildConfiguration section */
		8BF5C568272B6CB1006CC018 /* Debug */ = {
			isa = XCBuildConfiguration;
			buildSettings = {
				ALWAYS_SEARCH_USER_PATHS = NO;
				CLANG_ANALYZER_NONNULL = YES;
				CLANG_ANALYZER_NUMBER_OBJECT_CONVERSION = YES_AGGRESSIVE;
				CLANG_CXX_LANGUAGE_STANDARD = "gnu++17";
				CLANG_CXX_LIBRARY = "libc++";
				CLANG_ENABLE_MODULES = YES;
				CLANG_ENABLE_OBJC_ARC = YES;
				CLANG_ENABLE_OBJC_WEAK = YES;
				CLANG_WARN_BLOCK_CAPTURE_AUTORELEASING = YES;
				CLANG_WARN_BOOL_CONVERSION = YES;
				CLANG_WARN_COMMA = YES;
				CLANG_WARN_CONSTANT_CONVERSION = YES;
				CLANG_WARN_DEPRECATED_OBJC_IMPLEMENTATIONS = YES;
				CLANG_WARN_DIRECT_OBJC_ISA_USAGE = YES_ERROR;
				CLANG_WARN_DOCUMENTATION_COMMENTS = YES;
				CLANG_WARN_EMPTY_BODY = YES;
				CLANG_WARN_ENUM_CONVERSION = YES;
				CLANG_WARN_INFINITE_RECURSION = YES;
				CLANG_WARN_INT_CONVERSION = YES;
				CLANG_WARN_NON_LITERAL_NULL_CONVERSION = YES;
				CLANG_WARN_OBJC_IMPLICIT_RETAIN_SELF = YES;
				CLANG_WARN_OBJC_LITERAL_CONVERSION = YES;
				CLANG_WARN_OBJC_ROOT_CLASS = YES_ERROR;
				CLANG_WARN_QUOTED_INCLUDE_IN_FRAMEWORK_HEADER = YES;
				CLANG_WARN_RANGE_LOOP_ANALYSIS = YES;
				CLANG_WARN_STRICT_PROTOTYPES = YES;
				CLANG_WARN_SUSPICIOUS_MOVE = YES;
				CLANG_WARN_UNGUARDED_AVAILABILITY = YES_AGGRESSIVE;
				CLANG_WARN_UNREACHABLE_CODE = YES;
				CLANG_WARN__DUPLICATE_METHOD_MATCH = YES;
				COPY_PHASE_STRIP = NO;
				DEBUG_INFORMATION_FORMAT = dwarf;
				ENABLE_STRICT_OBJC_MSGSEND = YES;
				ENABLE_TESTABILITY = YES;
				GCC_C_LANGUAGE_STANDARD = gnu11;
				GCC_DYNAMIC_NO_PIC = NO;
				GCC_NO_COMMON_BLOCKS = YES;
				GCC_OPTIMIZATION_LEVEL = 0;
				GCC_PREPROCESSOR_DEFINITIONS = (
					"DEBUG=1",
					"$(inherited)",
				);
				GCC_WARN_64_TO_32_BIT_CONVERSION = YES;
				GCC_WARN_ABOUT_RETURN_TYPE = YES_ERROR;
				GCC_WARN_UNDECLARED_SELECTOR = YES;
				GCC_WARN_UNINITIALIZED_AUTOS = YES_AGGRESSIVE;
				GCC_WARN_UNUSED_FUNCTION = YES;
				GCC_WARN_UNUSED_VARIABLE = YES;
				IPHONEOS_DEPLOYMENT_TARGET = 15.0;
				MTL_ENABLE_DEBUG_INFO = INCLUDE_SOURCE;
				MTL_FAST_MATH = YES;
				ONLY_ACTIVE_ARCH = YES;
				SDKROOT = iphoneos;
				SWIFT_ACTIVE_COMPILATION_CONDITIONS = DEBUG;
				SWIFT_OPTIMIZATION_LEVEL = "-Onone";
			};
			name = Debug;
		};
		8BF5C569272B6CB1006CC018 /* Release */ = {
			isa = XCBuildConfiguration;
			buildSettings = {
				ALWAYS_SEARCH_USER_PATHS = NO;
				CLANG_ANALYZER_NONNULL = YES;
				CLANG_ANALYZER_NUMBER_OBJECT_CONVERSION = YES_AGGRESSIVE;
				CLANG_CXX_LANGUAGE_STANDARD = "gnu++17";
				CLANG_CXX_LIBRARY = "libc++";
				CLANG_ENABLE_MODULES = YES;
				CLANG_ENABLE_OBJC_ARC = YES;
				CLANG_ENABLE_OBJC_WEAK = YES;
				CLANG_WARN_BLOCK_CAPTURE_AUTORELEASING = YES;
				CLANG_WARN_BOOL_CONVERSION = YES;
				CLANG_WARN_COMMA = YES;
				CLANG_WARN_CONSTANT_CONVERSION = YES;
				CLANG_WARN_DEPRECATED_OBJC_IMPLEMENTATIONS = YES;
				CLANG_WARN_DIRECT_OBJC_ISA_USAGE = YES_ERROR;
				CLANG_WARN_DOCUMENTATION_COMMENTS = YES;
				CLANG_WARN_EMPTY_BODY = YES;
				CLANG_WARN_ENUM_CONVERSION = YES;
				CLANG_WARN_INFINITE_RECURSION = YES;
				CLANG_WARN_INT_CONVERSION = YES;
				CLANG_WARN_NON_LITERAL_NULL_CONVERSION = YES;
				CLANG_WARN_OBJC_IMPLICIT_RETAIN_SELF = YES;
				CLANG_WARN_OBJC_LITERAL_CONVERSION = YES;
				CLANG_WARN_OBJC_ROOT_CLASS = YES_ERROR;
				CLANG_WARN_QUOTED_INCLUDE_IN_FRAMEWORK_HEADER = YES;
				CLANG_WARN_RANGE_LOOP_ANALYSIS = YES;
				CLANG_WARN_STRICT_PROTOTYPES = YES;
				CLANG_WARN_SUSPICIOUS_MOVE = YES;
				CLANG_WARN_UNGUARDED_AVAILABILITY = YES_AGGRESSIVE;
				CLANG_WARN_UNREACHABLE_CODE = YES;
				CLANG_WARN__DUPLICATE_METHOD_MATCH = YES;
				COPY_PHASE_STRIP = NO;
				DEBUG_INFORMATION_FORMAT = "dwarf-with-dsym";
				ENABLE_NS_ASSERTIONS = NO;
				ENABLE_STRICT_OBJC_MSGSEND = YES;
				GCC_C_LANGUAGE_STANDARD = gnu11;
				GCC_NO_COMMON_BLOCKS = YES;
				GCC_WARN_64_TO_32_BIT_CONVERSION = YES;
				GCC_WARN_ABOUT_RETURN_TYPE = YES_ERROR;
				GCC_WARN_UNDECLARED_SELECTOR = YES;
				GCC_WARN_UNINITIALIZED_AUTOS = YES_AGGRESSIVE;
				GCC_WARN_UNUSED_FUNCTION = YES;
				GCC_WARN_UNUSED_VARIABLE = YES;
				IPHONEOS_DEPLOYMENT_TARGET = 15.0;
				MTL_ENABLE_DEBUG_INFO = NO;
				MTL_FAST_MATH = YES;
				SDKROOT = iphoneos;
				SWIFT_COMPILATION_MODE = wholemodule;
				SWIFT_OPTIMIZATION_LEVEL = "-O";
				VALIDATE_PRODUCT = YES;
			};
			name = Release;
		};
		8BF5C56B272B6CB1006CC018 /* Debug */ = {
			isa = XCBuildConfiguration;
			buildSettings = {
				ASSETCATALOG_COMPILER_APPICON_NAME = AppIcon;
				ASSETCATALOG_COMPILER_GLOBAL_ACCENT_COLOR_NAME = AccentColor;
				CODE_SIGN_STYLE = Automatic;
				CURRENT_PROJECT_VERSION = 1;
				DEVELOPMENT_ASSET_PATHS = "\"Chem Resolve/Preview Content\"";
				DEVELOPMENT_TEAM = 9S6YJG7QVJ;
				ENABLE_PREVIEWS = YES;
				GENERATE_INFOPLIST_FILE = YES;
				INFOPLIST_KEY_UIApplicationSceneManifest_Generation = YES;
				INFOPLIST_KEY_UIApplicationSupportsIndirectInputEvents = YES;
				INFOPLIST_KEY_UILaunchScreen_Generation = YES;
				INFOPLIST_KEY_UISupportedInterfaceOrientations = UIInterfaceOrientationPortrait;
				INFOPLIST_KEY_UISupportedInterfaceOrientations_iPad = "UIInterfaceOrientationPortrait UIInterfaceOrientationPortraitUpsideDown UIInterfaceOrientationLandscapeLeft UIInterfaceOrientationLandscapeRight";
				INFOPLIST_KEY_UISupportedInterfaceOrientations_iPhone = "UIInterfaceOrientationPortrait UIInterfaceOrientationLandscapeLeft UIInterfaceOrientationLandscapeRight";
				LD_RUNPATH_SEARCH_PATHS = (
					"$(inherited)",
					"@executable_path/Frameworks",
				);
				MARKETING_VERSION = 1.0;
				PRODUCT_BUNDLE_IDENTIFIER = "com.javalite.Chem-Resolve";
				PRODUCT_NAME = "$(TARGET_NAME)";
				SWIFT_EMIT_LOC_STRINGS = YES;
				SWIFT_VERSION = 5.0;
				TARGETED_DEVICE_FAMILY = "1,2";
			};
			name = Debug;
		};
		8BF5C56C272B6CB1006CC018 /* Release */ = {
			isa = XCBuildConfiguration;
			buildSettings = {
				ASSETCATALOG_COMPILER_APPICON_NAME = AppIcon;
				ASSETCATALOG_COMPILER_GLOBAL_ACCENT_COLOR_NAME = AccentColor;
				CODE_SIGN_STYLE = Automatic;
				CURRENT_PROJECT_VERSION = 1;
				DEVELOPMENT_ASSET_PATHS = "\"Chem Resolve/Preview Content\"";
				DEVELOPMENT_TEAM = 9S6YJG7QVJ;
				ENABLE_PREVIEWS = YES;
				GENERATE_INFOPLIST_FILE = YES;
				INFOPLIST_KEY_UIApplicationSceneManifest_Generation = YES;
				INFOPLIST_KEY_UIApplicationSupportsIndirectInputEvents = YES;
				INFOPLIST_KEY_UILaunchScreen_Generation = YES;
				INFOPLIST_KEY_UISupportedInterfaceOrientations = UIInterfaceOrientationPortrait;
				INFOPLIST_KEY_UISupportedInterfaceOrientations_iPad = "UIInterfaceOrientationPortrait UIInterfaceOrientationPortraitUpsideDown UIInterfaceOrientationLandscapeLeft UIInterfaceOrientationLandscapeRight";
				INFOPLIST_KEY_UISupportedInterfaceOrientations_iPhone = "UIInterfaceOrientationPortrait UIInterfaceOrientationLandscapeLeft UIInterfaceOrientationLandscapeRight";
				LD_RUNPATH_SEARCH_PATHS = (
					"$(inherited)",
					"@executable_path/Frameworks",
				);
				MARKETING_VERSION = 1.0;
				PRODUCT_BUNDLE_IDENTIFIER = "com.javalite.Chem-Resolve";
				PRODUCT_NAME = "$(TARGET_NAME)";
				SWIFT_EMIT_LOC_STRINGS = YES;
				SWIFT_VERSION = 5.0;
				TARGETED_DEVICE_FAMILY = "1,2";
			};
			name = Release;
		};
/* End XCBuildConfiguration section */

/* Begin XCConfigurationList section */
		8BF5C557272B6CB0006CC018 /* Build configuration list for PBXProject "Chem Resolve" */ = {
			isa = XCConfigurationList;
			buildConfigurations = (
				8BF5C568272B6CB1006CC018 /* Debug */,
				8BF5C569272B6CB1006CC018 /* Release */,
			);
			defaultConfigurationIsVisible = 0;
			defaultConfigurationName = Release;
		};
		8BF5C56A272B6CB1006CC018 /* Build configuration list for PBXNativeTarget "Chem Resolve" */ = {
			isa = XCConfigurationList;
			buildConfigurations = (
				8BF5C56B272B6CB1006CC018 /* Debug */,
				8BF5C56C272B6CB1006CC018 /* Release */,
			);
			defaultConfigurationIsVisible = 0;
			defaultConfigurationName = Release;
		};
/* End XCConfigurationList section */
	};
	rootObject = 8BF5C554272B6CB0006CC018 /* Project object */;
}
